{
  "name": "homebridge-nefit-easy",
  "version": "2.0.0",
  "lockfileVersion": 1,
  "requires": true,
  "dependencies": {
    "bluebird": {
      "version": "3.5.1",
      "resolved": "https://registry.npmjs.org/bluebird/-/bluebird-3.5.1.tgz",
      "integrity": "sha512-MKiLiV+I1AA596t9w1sQJ8jkiSr5+ZKi0WKrYGUn6d1Fx+Ij4tIj+m2WMQSGczs5jZVxV339chE8iwk6F64wjA=="
    },
    "nefit-easy-commands": {
      "version": "2.0.0",
      "resolved": "https://registry.npmjs.org/nefit-easy-commands/-/nefit-easy-commands-2.0.0.tgz",
      "integrity": "sha512-uX7djFQM1QaRjaeK4wDSzvm/gVrwdx37VrgeIrLQ/lhNPLLmHdi4RhNjQWy6QrpN5zDD9K36SNacPrReTMYAAw==",
      "requires": {
        "bluebird": "^3.5.1",
        "nefit-easy-core": "^3.0.0",
        "require-all": "^2.2.0"
      }
    },
    "nefit-easy-core": {
      "version": "3.0.0",
      "requires": {
        "@xmpp/client": "^0.3.0",
        "@xmpp/xml": "^0.1.3",
        "debug": "^3.1.0",
        "http-string-parser": "0.0.6",
        "promise-queue": "^2.2.5",
        "promise.prototype.finally": "^3.1.0"
      },
      "dependencies": {
        "@xmpp/client": {
          "version": "0.3.0",
          "bundled": true,
          "requires": {
            "@xmpp/client-core": "^0.3.0",
            "@xmpp/plugins": "^0.3.0"
          }
        },
        "@xmpp/client-core": {
          "version": "0.3.0",
          "bundled": true,
          "requires": {
            "@xmpp/connection": "^0.3.0",
            "@xmpp/jid": "^0.3.0",
            "@xmpp/xml": "^0.3.0"
          },
          "dependencies": {
            "@xmpp/xml": {
              "version": "0.3.0",
              "bundled": true,
              "requires": {
                "ltx": "^2.7.1"
              }
            }
          }
        },
        "@xmpp/connection": {
          "version": "0.3.0",
          "bundled": true,
          "requires": {
            "@xmpp/events": "^0.3.0",
            "@xmpp/jid": "^0.3.0",
            "@xmpp/streamparser": "^0.0.6",
            "@xmpp/xml": "^0.3.0"
          },
          "dependencies": {
            "@xmpp/xml": {
              "version": "0.3.0",
              "bundled": true,
              "requires": {
                "ltx": "^2.7.1"
              }
            }
          }
        },
        "@xmpp/connection-tcp": {
          "version": "0.3.0",
          "bundled": true,
          "requires": {
            "@xmpp/connection": "^0.3.0",
            "@xmpp/streamparser": "^0.0.6",
            "@xmpp/xml": "^0.3.0"
          },
          "dependencies": {
            "@xmpp/xml": {
              "version": "0.3.0",
              "bundled": true,
              "requires": {
                "ltx": "^2.7.1"
              }
            }
          }
        },
        "@xmpp/events": {
          "version": "0.3.0",
          "bundled": true
        },
        "@xmpp/jid": {
          "version": "0.3.0",
          "bundled": true
        },
        "@xmpp/plugin": {
          "version": "0.3.0",
          "bundled": true,
          "requires": {
            "@xmpp/events": "^0.3.0",
            "@xmpp/jid": "^0.3.0",
            "@xmpp/xml": "^0.3.0"
          },
          "dependencies": {
            "@xmpp/xml": {
              "version": "0.3.0",
              "bundled": true,
              "requires": {
                "ltx": "^2.7.1"
              }
            }
          }
        },
        "@xmpp/plugins": {
          "version": "0.3.0",
          "bundled": true,
          "requires": {
            "@xmpp/connection": "^0.3.0",
            "@xmpp/connection-tcp": "^0.3.0",
            "@xmpp/jid": "^0.3.0",
            "@xmpp/plugin": "^0.3.0",
            "@xmpp/resolve": "^0.3.0",
            "@xmpp/time": "^0.3.0",
            "@xmpp/xml": "^0.3.0",
            "sasl-anonymous": "^0.1.0",
            "sasl-plain": "^0.1.0",
            "sasl-scram-sha-1": "^1.2.0",
            "saslmechanisms": "^0.1.1",
            "ws": "^3.1.0"
          },
          "dependencies": {
            "@xmpp/xml": {
              "version": "0.3.0",
              "bundled": true,
              "requires": {
                "ltx": "^2.7.1"
              }
            }
          }
        },
        "@xmpp/resolve": {
          "version": "0.3.0",
          "bundled": true,
          "requires": {
            "@xmpp/xml": "^0.3.0",
            "node-fetch": "^1.7.2"
          },
          "dependencies": {
            "@xmpp/xml": {
              "version": "0.3.0",
              "bundled": true,
              "requires": {
                "ltx": "^2.7.1"
              }
            }
          }
        },
        "@xmpp/streamparser": {
          "version": "0.0.6",
          "bundled": true,
          "requires": {
            "@xmpp/xml": "^0.1.3",
            "inherits": "^2.0.3",
            "ltx": "^2.5.0"
          },
          "dependencies": {
            "@xmpp/xml": {
              "version": "0.1.3",
              "bundled": true,
              "requires": {
                "inherits": "^2.0.3",
                "ltx": "^2.6.2"
              }
            }
          }
        },
        "@xmpp/time": {
          "version": "0.3.0",
          "bundled": true
        },
        "@xmpp/xml": {
          "version": "0.1.3",
          "bundled": true,
          "requires": {
            "inherits": "^2.0.3",
            "ltx": "^2.6.2"
          }
        },
        "async-limiter": {
          "version": "1.0.0",
          "bundled": true
        },
        "bitwise-xor": {
          "version": "0.0.0",
          "bundled": true
        },
        "cipher-base": {
          "version": "1.0.4",
          "bundled": true,
          "requires": {
            "inherits": "^2.0.1",
            "safe-buffer": "^5.0.1"
          }
        },
        "create-hash": {
          "version": "1.2.0",
          "bundled": true,
          "requires": {
            "cipher-base": "^1.0.1",
            "inherits": "^2.0.1",
            "md5.js": "^1.3.4",
            "ripemd160": "^2.0.1",
            "sha.js": "^2.4.0"
          }
        },
        "create-hmac": {
          "version": "1.1.7",
          "bundled": true,
          "requires": {
            "cipher-base": "^1.0.3",
            "create-hash": "^1.1.0",
            "inherits": "^2.0.1",
            "ripemd160": "^2.0.0",
            "safe-buffer": "^5.0.1",
            "sha.js": "^2.4.8"
          }
        },
        "debug": {
          "version": "3.1.0",
          "bundled": true,
          "requires": {
            "ms": "2.0.0"
          }
        },
        "define-properties": {
          "version": "1.1.2",
          "bundled": true,
          "requires": {
            "foreach": "^2.0.5",
            "object-keys": "^1.0.8"
          }
        },
        "encoding": {
          "version": "0.1.12",
          "bundled": true,
          "requires": {
            "iconv-lite": "~0.4.13"
          }
        },
        "es-abstract": {
          "version": "1.11.0",
          "bundled": true,
          "requires": {
            "es-to-primitive": "^1.1.1",
            "function-bind": "^1.1.1",
            "has": "^1.0.1",
            "is-callable": "^1.1.3",
            "is-regex": "^1.0.4"
          }
        },
        "es-to-primitive": {
          "version": "1.1.1",
          "bundled": true,
          "requires": {
            "is-callable": "^1.1.1",
            "is-date-object": "^1.0.1",
            "is-symbol": "^1.0.1"
          }
        },
        "foreach": {
          "version": "2.0.5",
          "bundled": true
        },
        "function-bind": {
          "version": "1.1.1",
          "bundled": true
        },
        "has": {
          "version": "1.0.1",
          "bundled": true,
          "requires": {
            "function-bind": "^1.0.2"
          }
        },
        "hash-base": {
          "version": "3.0.4",
          "bundled": true,
          "requires": {
            "inherits": "^2.0.1",
            "safe-buffer": "^5.0.1"
          }
        },
        "http-string-parser": {
          "version": "0.0.6",
          "bundled": true
        },
        "iconv-lite": {
          "version": "0.4.23",
          "bundled": true,
          "requires": {
            "safer-buffer": ">= 2.1.2 < 3"
          }
        },
        "inherits": {
          "version": "2.0.3",
          "bundled": true
        },
        "is-callable": {
          "version": "1.1.3",
          "bundled": true
        },
        "is-date-object": {
          "version": "1.0.1",
          "bundled": true
        },
        "is-regex": {
          "version": "1.0.4",
          "bundled": true,
          "requires": {
            "has": "^1.0.1"
          }
        },
        "is-stream": {
          "version": "1.1.0",
          "bundled": true
        },
        "is-symbol": {
          "version": "1.0.1",
          "bundled": true
        },
        "ltx": {
          "version": "2.7.1",
          "bundled": true,
          "requires": {
            "inherits": "^2.0.1"
          }
        },
        "md5.js": {
          "version": "1.3.4",
          "bundled": true,
          "requires": {
            "hash-base": "^3.0.0",
            "inherits": "^2.0.1"
          }
        },
        "ms": {
          "version": "2.0.0",
          "bundled": true
        },
        "node-fetch": {
          "version": "1.7.3",
          "bundled": true,
          "requires": {
            "encoding": "^0.1.11",
            "is-stream": "^1.0.1"
          }
        },
        "object-keys": {
          "version": "1.0.11",
          "bundled": true
        },
        "promise-queue": {
          "version": "2.2.5",
          "bundled": true
        },
        "promise.prototype.finally": {
          "version": "3.1.0",
          "bundled": true,
          "requires": {
            "define-properties": "^1.1.2",
            "es-abstract": "^1.9.0",
            "function-bind": "^1.1.1"
          }
        },
        "randombytes": {
          "version": "2.0.6",
          "bundled": true,
          "requires": {
            "safe-buffer": "^5.1.0"
          }
        },
        "ripemd160": {
          "version": "2.0.2",
          "bundled": true,
          "requires": {
            "hash-base": "^3.0.0",
            "inherits": "^2.0.1"
          }
        },
        "safe-buffer": {
          "version": "5.1.2",
          "bundled": true
        },
        "safer-buffer": {
          "version": "2.1.2",
          "bundled": true
        },
        "sasl-anonymous": {
          "version": "0.1.0",
          "bundled": true
        },
        "sasl-plain": {
          "version": "0.1.0",
          "bundled": true
        },
        "sasl-scram-sha-1": {
          "version": "1.2.1",
          "bundled": true,
          "requires": {
            "bitwise-xor": "0.0.0",
            "create-hash": "^1.1.0",
            "create-hmac": "^1.1.3",
            "randombytes": "^2.0.1"
          }
        },
        "saslmechanisms": {
          "version": "0.1.1",
          "bundled": true
        },
        "sha.js": {
          "version": "2.4.11",
          "bundled": true,
          "requires": {
            "inherits": "^2.0.1",
            "safe-buffer": "^5.0.1"
          }
        },
        "ultron": {
          "version": "1.1.1",
          "bundled": true
        },
        "ws": {
          "version": "3.3.3",
          "bundled": true,
          "requires": {
            "async-limiter": "~1.0.0",
            "safe-buffer": "~5.1.0",
            "ultron": "~1.1.0"
          }
        }
      }
    },
    "require-all": {
      "version": "2.2.0",
      "resolved": "https://registry.npmjs.org/require-all/-/require-all-2.2.0.tgz",
      "integrity": "sha1-tEIMIzrAKC0P9Jsnf7iAqLXeCJQ="
    }
  }
}
